
Microsoft Visual Studio Solution File, Format Version 12.00
# Visual Studio Version 16
VisualStudioVersion = 16.0.30503.244
MinimumVisualStudioVersion = 10.0.40219.1
Project("{FAE04EC0-301F-11D3-BF4B-00C04F79EFBC}") = "ADBackend", "ADBackend\ADBackend.csproj", "{ED131087-B42B-457E-89CD-7D37FB3C6054}"
EndProject
Global
	GlobalSection(SolutionConfigurationPlatforms) = preSolution
		Debug|Any CPU = Debug|Any CPU
		Release|Any CPU = Release|Any CPU
	EndGlobalSection
	GlobalSection(ProjectConfigurationPlatforms) = postSolution
		{ED131087-B42B-457E-89CD-7D37FB3C6054}.Debug|Any CPU.ActiveCfg = Debug|Any CPU
		{ED131087-B42B-457E-89CD-7D37FB3C6054}.Debug|Any CPU.Build.0 = Debug|Any CPU
		{ED131087-B42B-457E-89CD-7D37FB3C6054}.Release|Any CPU.ActiveCfg = Release|Any CPU
		{ED131087-B42B-457E-89CD-7D37FB3C6054}.Release|Any CPU.Build.0 = Release|Any CPU
	EndGlobalSection
	GlobalSection(SolutionProperties) = preSolution
		HideSolutionNode = FALSE
	EndGlobalSection
	GlobalSection(ExtensibilityGlobals) = postSolution
		SolutionGuid = {C3D377E2-6439-47FF-A0AD-214C936C16BE}
	EndGlobalSection
EndGlobal
